
Microsoft Visual Studio Solution File, Format Version 12.00
# Visual Studio 15
VisualStudioVersion = 15.0.28307.572
MinimumVisualStudioVersion = 10.0.40219.1
Project("{FAE04EC0-301F-11D3-BF4B-00C04F79EFBC}") = "People.Android", "People\People.Android\People.Android.csproj", "{364751BE-AAE7-4A3F-8228-C3AB6A243B07}"
EndProject
Project("{FAE04EC0-301F-11D3-BF4B-00C04F79EFBC}") = "People", "People\People\People.csproj", "{5A41EB40-34A4-4894-8547-20099E1A8264}"
EndProject
Global
	GlobalSection(SolutionConfigurationPlatforms) = preSolution
		Debug|Any CPU = Debug|Any CPU
		Release|Any CPU = Release|Any CPU
	EndGlobalSection
	GlobalSection(ProjectConfigurationPlatforms) = postSolution
		{364751BE-AAE7-4A3F-8228-C3AB6A243B07}.Debug|Any CPU.ActiveCfg = Debug|Any CPU
		{364751BE-AAE7-4A3F-8228-C3AB6A243B07}.Debug|Any CPU.Build.0 = Debug|Any CPU
		{364751BE-AAE7-4A3F-8228-C3AB6A243B07}.Debug|Any CPU.Deploy.0 = Debug|Any CPU
		{364751BE-AAE7-4A3F-8228-C3AB6A243B07}.Release|Any CPU.ActiveCfg = Release|Any CPU
		{364751BE-AAE7-4A3F-8228-C3AB6A243B07}.Release|Any CPU.Build.0 = Release|Any CPU
		{364751BE-AAE7-4A3F-8228-C3AB6A243B07}.Release|Any CPU.Deploy.0 = Release|Any CPU
		{5A41EB40-34A4-4894-8547-20099E1A8264}.Debug|Any CPU.ActiveCfg = Debug|Any CPU
		{5A41EB40-34A4-4894-8547-20099E1A8264}.Debug|Any CPU.Build.0 = Debug|Any CPU
		{5A41EB40-34A4-4894-8547-20099E1A8264}.Debug|Any CPU.Deploy.0 = Debug|Any CPU
		{5A41EB40-34A4-4894-8547-20099E1A8264}.Release|Any CPU.ActiveCfg = Release|Any CPU
		{5A41EB40-34A4-4894-8547-20099E1A8264}.Release|Any CPU.Build.0 = Release|Any CPU
		{5A41EB40-34A4-4894-8547-20099E1A8264}.Release|Any CPU.Deploy.0 = Release|Any CPU
	EndGlobalSection
	GlobalSection(SolutionProperties) = preSolution
		HideSolutionNode = FALSE
	EndGlobalSection
	GlobalSection(ExtensibilityGlobals) = postSolution
		SolutionGuid = {10BC9339-605F-4039-8239-DDD210E8BAD4}
	EndGlobalSection
EndGlobal
